{
  "name": "@polyphorm/models",
  "version": "1.0.0",
  "lockfileVersion": 1,
  "requires": true,
  "dependencies": {
    "@polyphorm/eslint-config": {
      "version": "1.0.0",
      "resolved": "https://npm.pkg.github.com/download/@polyphorm/eslint-config/1.0.0/05ac1efd65ab7fa6cabf242c43aa9b105cd7afd3bce20fb90b30b474cc0de840",
      "integrity": "sha512-jzMA1/GTRKkUoL2QAf1qi+5Yyi5eFUsOxud/jMircrT3KUkh0UzYYjK43w5ohcVERh7Q0v7t3zae73qHuYqJHg==",
      "dev": true
    }
  }
}
